{
    "_readme": [
        "This file locks the dependencies of your project to a known state",
        "Read more about it at https://getcomposer.org/doc/01-basic-usage.md#installing-dependencies",
        "This file is @generated automatically"
    ],
    "content-hash": "f632f56dc2d5427703838c38e8aa7513",
    "packages": [
        {
            "name": "dragonmantank/cron-expression",
            "version": "v2.2.0",
            "source": {
                "type": "git",
                "url": "https://github.com/dragonmantank/cron-expression.git",
                "reference": "92a2c3768d50e21a1f26a53cb795ce72806266c5"
            },
            "dist": {
                "type": "zip",
                "url": "https://api.github.com/repos/dragonmantank/cron-expression/zipball/92a2c3768d50e21a1f26a53cb795ce72806266c5",
                "reference": "92a2c3768d50e21a1f26a53cb795ce72806266c5",
                "shasum": ""
            },
            "require": {
                "php": ">=7.0.0"
            },
            "require-dev": {
                "phpunit/phpunit": "~6.4"
            },
            "type": "library",
            "autoload": {
                "psr-4": {
                    "Cron\\": "src/Cron/"
                }
            },
            "notification-url": "https://packagist.org/downloads/",
            "license": [
                "MIT"
            ],
            "authors": [
                {
                    "name": "Michael Dowling",
                    "email": "mtdowling@gmail.com",
                    "homepage": "https://github.com/mtdowling"
                },
                {
                    "name": "Chris Tankersley",
                    "email": "chris@ctankersley.com",
                    "homepage": "https://github.com/dragonmantank"
                }
            ],
            "description": "CRON for PHP: Calculate the next or previous run date and determine if a CRON expression is due",
            "keywords": [
                "cron",
                "schedule"
            ],
            "time": "2018-06-06T03:12:17+00:00"
        },
        {
            "name": "easyswoole/actor",
            "version": "1.1.12",
            "source": {
                "type": "git",
                "url": "https://github.com/easy-swoole/actor.git",
                "reference": "2179ff1fb99f61a9cb237e9a2453255a71a574b5"
            },
            "dist": {
                "type": "zip",
                "url": "https://api.github.com/repos/easy-swoole/actor/zipball/2179ff1fb99f61a9cb237e9a2453255a71a574b5",
                "reference": "2179ff1fb99f61a9cb237e9a2453255a71a574b5",
                "shasum": ""
            },
            "require": {
                "easyswoole/component": "^1.3",
                "easyswoole/spl": "^1.1",
                "easyswoole/swoole-ide-helper": "^1.2",
                "ext-swoole": "^4.2.6",
                "php": ">=7.1.0"
            },
            "type": "library",
            "autoload": {
                "psr-4": {
                    "EasySwoole\\Actor\\": "src/",
                    "EasySwoole\\Actor\\Test\\": "test/"
                }
            },
            "notification-url": "https://packagist.org/downloads/",
            "license": [
                "Apache-2.0"
            ],
            "authors": [
                {
                    "name": "YF",
                    "email": "291323003@qq.com"
                }
            ],
            "description": "easyswoole component",
            "homepage": "https://www.easyswoole.com/",
            "keywords": [
                "async",
                "easyswoole",
                "framework",
                "swoole"
            ],
            "time": "2019-02-10T12:47:53+00:00"
        },
        {
            "name": "easyswoole/component",
            "version": "1.5.2",
            "source": {
                "type": "git",
                "url": "https://github.com/easy-swoole/component.git",
                "reference": "6f71f270c0448bed9335804c020eca8e89e234cb"
            },
            "dist": {
                "type": "zip",
                "url": "https://api.github.com/repos/easy-swoole/component/zipball/6f71f270c0448bed9335804c020eca8e89e234cb",
                "reference": "6f71f270c0448bed9335804c020eca8e89e234cb",
                "shasum": ""
            },
            "require": {
                "easyswoole/swoole-ide-helper": "^1.2",
                "easyswoole/utility": "^1.0",
                "ext-swoole": "^4.2.9",
                "php": ">=7.1.0"
            },
            "require-dev": {
                "easyswoole/phpunit": "^1.0"
            },
            "type": "library",
            "autoload": {
                "psr-4": {
                    "EasySwoole\\Component\\": "src/",
                    "EasySwoole\\Component\\Tests\\": "Tests/"
                }
            },
            "notification-url": "https://packagist.org/downloads/",
            "license": [
                "Apache-2.0"
            ],
            "authors": [
                {
                    "name": "YF",
                    "email": "291323003@qq.com"
                }
            ],
            "description": "easyswoole component",
            "homepage": "https://www.easyswoole.com/",
            "keywords": [
                "async",
                "easyswoole",
                "framework",
                "swoole"
            ],
            "time": "2019-02-15T05:41:52+00:00"
        },
        {
            "name": "easyswoole/curl",
            "version": "1.0.0",
            "source": {
                "type": "git",
                "url": "https://github.com/easy-swoole/curl.git",
                "reference": "5b50ea0d68801b1617f8fe6dd6f22a06d831a383"
            },
            "dist": {
                "type": "zip",
                "url": "https://api.github.com/repos/easy-swoole/curl/zipball/5b50ea0d68801b1617f8fe6dd6f22a06d831a383",
                "reference": "5b50ea0d68801b1617f8fe6dd6f22a06d831a383",
                "shasum": ""
            },
            "require": {
                "php": ">=7.1.0"
            },
            "require-dev": {
                "phpunit/phpunit": "^5.6"
            },
            "type": "library",
            "autoload": {
                "psr-4": {
                    "EasySwoole\\Curl\\": "src/"
                }
            },
            "notification-url": "https://packagist.org/downloads/",
            "license": [
                "Apache-2.0"
            ],
            "authors": [
                {
                    "name": "YF",
                    "email": "291323003@qq.com"
                }
            ],
            "description": "An efficient swoole framework",
            "homepage": "https://www.easyswoole.com/",
            "keywords": [
                "async",
                "easyswoole",
                "framework",
                "swoole"
            ],
            "time": "2018-05-25T06:08:22+00:00"
        },
        {
            "name": "easyswoole/easyswoole",
            "version": "3.1.13",
            "source": {
                "type": "git",
                "url": "https://github.com/easy-swoole/easyswoole.git",
                "reference": "2893a1429d95913d5da512bde606d51e1b641571"
            },
            "dist": {
                "type": "zip",
                "url": "https://api.github.com/repos/easy-swoole/easyswoole/zipball/2893a1429d95913d5da512bde606d51e1b641571",
                "reference": "2893a1429d95913d5da512bde606d51e1b641571",
                "shasum": ""
            },
            "require": {
                "dragonmantank/cron-expression": "^2.2",
                "easyswoole/actor": "^1.0",
                "easyswoole/component": "^1.0",
                "easyswoole/fast-cache": "^1.0",
                "easyswoole/http": "^1.0",
                "easyswoole/socket": "^1.0",
                "easyswoole/spl": "^1.0",
                "easyswoole/trace": "^1.0",
                "easyswoole/utility": "^1.0",
                "ext-swoole": ">=4.2.6",
                "jeremeamia/superclosure": "^2.4",
                "php": ">=7.1.0"
            },
            "require-dev": {
                "easyswoole/swoole-ide-helper": "^1.2"
            },
            "bin": [
                "bin/easyswoole"
            ],
            "type": "library",
            "autoload": {
                "psr-4": {
                    "EasySwoole\\EasySwoole\\": "src/"
                }
            },
            "notification-url": "https://packagist.org/downloads/",
            "license": [
                "Apache-2.0"
            ],
            "authors": [
                {
                    "name": "YF",
                    "email": "291323003@qq.com"
                }
            ],
            "description": "An efficient swoole framework",
            "homepage": "https://www.easyswoole.com/",
            "keywords": [
                "async",
                "easyswoole",
                "framework",
                "swoole"
            ],
            "time": "2019-01-22T14:13:02+00:00"
        },
        {
            "name": "easyswoole/fast-cache",
            "version": "1.0.6",
            "source": {
                "type": "git",
                "url": "https://github.com/easy-swoole/fast-cache.git",
                "reference": "b6904a2069e032cfa53fb8cadc012621a7d01ab3"
            },
            "dist": {
                "type": "zip",
                "url": "https://api.github.com/repos/easy-swoole/fast-cache/zipball/b6904a2069e032cfa53fb8cadc012621a7d01ab3",
                "reference": "b6904a2069e032cfa53fb8cadc012621a7d01ab3",
                "shasum": ""
            },
            "require": {
                "easyswoole/component": "^1.4",
                "easyswoole/spl": "^1.1",
                "easyswoole/swoole-ide-helper": "^1.2",
                "php": ">=7.1.0"
            },
            "type": "library",
            "autoload": {
                "psr-4": {
                    "EasySwoole\\FastCache\\": "src/"
                }
            },
            "notification-url": "https://packagist.org/downloads/",
            "license": [
                "Apache-2.0"
            ],
            "authors": [
                {
                    "name": "YF",
                    "email": "291323003@qq.com"
                }
            ],
            "description": "An efficient swoole framework",
            "homepage": "https://www.easyswoole.com/",
            "keywords": [
                "async",
                "easyswoole",
                "framework",
                "swoole"
            ],
            "time": "2019-01-20T08:21:07+00:00"
        },
        {
            "name": "easyswoole/http",
            "version": "1.2.11",
            "source": {
                "type": "git",
                "url": "https://github.com/easy-swoole/http.git",
                "reference": "91c554067c8e62ae2daee8866c186d8185b72447"
            },
            "dist": {
                "type": "zip",
                "url": "https://api.github.com/repos/easy-swoole/http/zipball/91c554067c8e62ae2daee8866c186d8185b72447",
                "reference": "91c554067c8e62ae2daee8866c186d8185b72447",
                "shasum": ""
            },
            "require": {
                "easyswoole/component": "^1.0",
                "easyswoole/spl": "^1.0",
                "easyswoole/validate": "^1.1",
                "ext-swoole": "^4.0",
                "nikic/fast-route": "^1.3",
                "php": ">=7.1.0"
            },
            "require-dev": {
                "easyswoole/swoole-ide-helper": "^1.0"
            },
            "type": "library",
            "autoload": {
                "psr-4": {
                    "EasySwoole\\Http\\": "src/"
                }
            },
            "notification-url": "https://packagist.org/downloads/",
            "license": [
                "Apache-2.0"
            ],
            "authors": [
                {
                    "name": "YF",
                    "email": "291323003@qq.com"
                }
            ],
            "description": "An efficient swoole framework",
            "homepage": "https://www.easyswoole.com/",
            "keywords": [
                "async",
                "easyswoole",
                "framework",
                "swoole"
            ],
            "time": "2019-01-23T09:19:18+00:00"
        },
        {
            "name": "easyswoole/http-client",
            "version": "1.0.9",
            "source": {
                "type": "git",
                "url": "https://github.com/easy-swoole/http-client.git",
                "reference": "2b96cb3d5040a5ca376b6b82a87fcf0bbb59c9af"
            },
            "dist": {
                "type": "zip",
                "url": "https://api.github.com/repos/easy-swoole/http-client/zipball/2b96cb3d5040a5ca376b6b82a87fcf0bbb59c9af",
                "reference": "2b96cb3d5040a5ca376b6b82a87fcf0bbb59c9af",
                "shasum": ""
            },
            "require": {
                "easyswoole/spl": "^1.1",
                "easyswoole/swoole-ide-helper": "^1.2",
                "php": ">=7.1.0"
            },
            "type": "library",
            "autoload": {
                "psr-4": {
                    "EasySwoole\\HttpClient\\": "src/"
                }
            },
            "notification-url": "https://packagist.org/downloads/",
            "license": [
                "Apache-2.0"
            ],
            "authors": [
                {
                    "name": "YF",
                    "email": "291323003@qq.com"
                }
            ],
            "description": "php stander lib",
            "homepage": "https://www.easyswoole.com/",
            "keywords": [
                "async",
                "easyswoole",
                "framework",
                "swoole"
            ],
            "time": "2019-02-12T16:27:05+00:00"
        },
        {
            "name": "easyswoole/mysqli",
            "version": "1.1.12",
            "source": {
                "type": "git",
                "url": "https://github.com/easy-swoole/mysqli.git",
                "reference": "2685d19dc59f65c1556ded3310707ad95b363b53"
            },
            "dist": {
                "type": "zip",
                "url": "https://api.github.com/repos/easy-swoole/mysqli/zipball/2685d19dc59f65c1556ded3310707ad95b363b53",
                "reference": "2685d19dc59f65c1556ded3310707ad95b363b53",
                "shasum": ""
            },
            "require": {
                "easyswoole/spl": "^1.0"
            },
            "require-dev": {
                "easyswoole/swoole-ide-helper": "dev-master"
            },
            "type": "library",
            "autoload": {
                "psr-4": {
                    "EasySwoole\\Mysqli\\": "src/"
                }
            },
            "notification-url": "https://packagist.org/downloads/",
            "license": [
                "Apache-2.0"
            ],
            "authors": [
                {
                    "name": "YF",
                    "email": "291323003@qq.com"
                }
            ],
            "description": "An efficient swoole framework",
            "homepage": "https://www.easyswoole.com/",
            "keywords": [
                "async",
                "easyswoole",
                "framework",
                "swoole"
            ],
            "time": "2019-01-26T03:46:32+00:00"
        },
        {
            "name": "easyswoole/socket",
            "version": "1.1.7",
            "source": {
                "type": "git",
                "url": "https://github.com/easy-swoole/socket.git",
                "reference": "7531611000747082b978637633e04d5f842f62b0"
            },
            "dist": {
                "type": "zip",
                "url": "https://api.github.com/repos/easy-swoole/socket/zipball/7531611000747082b978637633e04d5f842f62b0",
                "reference": "7531611000747082b978637633e04d5f842f62b0",
                "shasum": ""
            },
            "require": {
                "easyswoole/spl": "^1.0",
                "easyswoole/trace": "^1.1",
                "php": ">=7.1.0"
            },
            "require-dev": {
                "easyswoole/swoole-ide-helper": "dev-master",
                "phpunit/phpunit": "^5.6"
            },
            "type": "library",
            "autoload": {
                "psr-4": {
                    "EasySwoole\\Socket\\": "src/"
                }
            },
            "notification-url": "https://packagist.org/downloads/",
            "license": [
                "Apache-2.0"
            ],
            "authors": [
                {
                    "name": "YF",
                    "email": "291323003@qq.com"
                }
            ],
            "description": "An efficient swoole framework",
            "homepage": "https://www.easyswoole.com/",
            "keywords": [
                "async",
                "easyswoole",
                "framework",
                "swoole"
            ],
            "time": "2019-01-08T11:04:31+00:00"
        },
        {
            "name": "easyswoole/spl",
            "version": "1.1.6",
            "source": {
                "type": "git",
                "url": "https://github.com/easy-swoole/spl.git",
                "reference": "b0a9a8ec4c7de106382af4d1e155e66b305beece"
            },
            "dist": {
                "type": "zip",
                "url": "https://api.github.com/repos/easy-swoole/spl/zipball/b0a9a8ec4c7de106382af4d1e155e66b305beece",
                "reference": "b0a9a8ec4c7de106382af4d1e155e66b305beece",
                "shasum": ""
            },
            "require": {
                "php": ">=7.1.0"
            },
            "type": "library",
            "autoload": {
                "psr-4": {
                    "EasySwoole\\Spl\\": "src/"
                }
            },
            "notification-url": "https://packagist.org/downloads/",
            "license": [
                "Apache-2.0"
            ],
            "authors": [
                {
                    "name": "YF",
                    "email": "291323003@qq.com"
                }
            ],
            "description": "php stander lib",
            "homepage": "https://www.easyswoole.com/",
            "keywords": [
                "async",
                "easyswoole",
                "framework",
                "swoole"
            ],
            "time": "2018-12-30T12:13:03+00:00"
        },
        {
            "name": "easyswoole/swoole-ide-helper",
            "version": "1.2.1",
            "source": {
                "type": "git",
                "url": "https://github.com/easy-swoole/ide-helper.git",
                "reference": "a6c7e013934b0663e1dac41cdc5dc5c85534c331"
            },
            "dist": {
                "type": "zip",
                "url": "https://api.github.com/repos/easy-swoole/ide-helper/zipball/a6c7e013934b0663e1dac41cdc5dc5c85534c331",
                "reference": "a6c7e013934b0663e1dac41cdc5dc5c85534c331",
                "shasum": ""
            },
            "type": "library",
            "notification-url": "https://packagist.org/downloads/",
            "license": [
                "Apache-2.0"
            ],
            "authors": [
                {
                    "name": "Team Swoole",
                    "email": "team@swoole.com"
                }
            ],
            "description": "swoole-ide-helper",
            "time": "2018-12-25T07:27:15+00:00"
        },
        {
            "name": "easyswoole/trace",
            "version": "1.1.16",
            "source": {
                "type": "git",
                "url": "https://github.com/easy-swoole/trace.git",
                "reference": "73b223059cbf6bda3b887abb89e1d363bf3674cc"
            },
            "dist": {
                "type": "zip",
                "url": "https://api.github.com/repos/easy-swoole/trace/zipball/73b223059cbf6bda3b887abb89e1d363bf3674cc",
                "reference": "73b223059cbf6bda3b887abb89e1d363bf3674cc",
                "shasum": ""
            },
            "require": {
                "php": ">=7.1.0"
            },
            "type": "library",
            "autoload": {
                "psr-4": {
                    "EasySwoole\\Trace\\": "src/"
                }
            },
            "notification-url": "https://packagist.org/downloads/",
            "license": [
                "Apache-2.0"
            ],
            "authors": [
                {
                    "name": "YF",
                    "email": "291323003@qq.com"
                }
            ],
            "description": "An efficient swoole framework",
            "homepage": "https://www.easyswoole.com/",
            "keywords": [
                "async",
                "easyswoole",
                "framework",
                "swoole"
            ],
            "time": "2019-01-25T08:09:32+00:00"
        },
        {
            "name": "easyswoole/utility",
            "version": "1.0.6",
            "source": {
                "type": "git",
                "url": "https://github.com/easy-swoole/utility.git",
                "reference": "7b2269bf5b43d40182b5fea09324b5ea0871ef40"
            },
            "dist": {
                "type": "zip",
                "url": "https://api.github.com/repos/easy-swoole/utility/zipball/7b2269bf5b43d40182b5fea09324b5ea0871ef40",
                "reference": "7b2269bf5b43d40182b5fea09324b5ea0871ef40",
                "shasum": ""
            },
            "require": {
                "php": ">=7.1.0"
            },
            "type": "library",
            "autoload": {
                "psr-4": {
                    "EasySwoole\\Utility\\": "src/"
                }
            },
            "notification-url": "https://packagist.org/downloads/",
            "license": [
                "Apache-2.0"
            ],
            "authors": [
                {
                    "name": "evalor",
                    "email": "mipone@foxmail.com"
                }
            ],
            "description": "easyswoole extension tool library",
            "time": "2019-01-10T12:51:46+00:00"
        },
        {
            "name": "easyswoole/validate",
            "version": "1.1.5",
            "source": {
                "type": "git",
                "url": "https://github.com/easy-swoole/validate.git",
                "reference": "b11e16c8dc5b7f83cfedffff6e3cf43fad4e7af6"
            },
            "dist": {
                "type": "zip",
                "url": "https://api.github.com/repos/easy-swoole/validate/zipball/b11e16c8dc5b7f83cfedffff6e3cf43fad4e7af6",
                "reference": "b11e16c8dc5b7f83cfedffff6e3cf43fad4e7af6",
                "shasum": ""
            },
            "require": {
                "easyswoole/spl": "^1.0",
                "php": ">=7.1.0"
            },
            "require-dev": {
                "phpunit/phpunit": "^7.4"
            },
            "type": "library",
            "autoload": {
                "psr-4": {
                    "EasySwoole\\Validate\\": "src/"
                }
            },
            "notification-url": "https://packagist.org/downloads/",
            "license": [
                "Apache-2.0"
            ],
            "authors": [
                {
                    "name": "YF",
                    "email": "291323003@qq.com"
                }
            ],
            "description": "An efficient swoole framework",
            "homepage": "https://www.easyswoole.com/",
            "keywords": [
                "async",
                "easyswoole",
                "framework",
                "swoole"
            ],
            "time": "2019-01-12T09:53:05+00:00"
        },
        {
            "name": "jeremeamia/SuperClosure",
            "version": "2.4.0",
            "source": {
                "type": "git",
                "url": "https://github.com/jeremeamia/super_closure.git",
                "reference": "5707d5821b30b9a07acfb4d76949784aaa0e9ce9"
            },
            "dist": {
                "type": "zip",
                "url": "https://api.github.com/repos/jeremeamia/super_closure/zipball/5707d5821b30b9a07acfb4d76949784aaa0e9ce9",
                "reference": "5707d5821b30b9a07acfb4d76949784aaa0e9ce9",
                "shasum": ""
            },
            "require": {
                "nikic/php-parser": "^1.2|^2.0|^3.0|^4.0",
                "php": ">=5.4",
                "symfony/polyfill-php56": "^1.0"
            },
            "require-dev": {
                "phpunit/phpunit": "^4.0|^5.0"
            },
            "type": "library",
            "extra": {
                "branch-alias": {
                    "dev-master": "2.4-dev"
                }
            },
            "autoload": {
                "psr-4": {
                    "SuperClosure\\": "src/"
                }
            },
            "notification-url": "https://packagist.org/downloads/",
            "license": [
                "MIT"
            ],
            "authors": [
                {
                    "name": "Jeremy Lindblom",
                    "email": "jeremeamia@gmail.com",
                    "homepage": "https://github.com/jeremeamia",
                    "role": "Developer"
                }
            ],
            "description": "Serialize Closure objects, including their context and binding",
            "homepage": "https://github.com/jeremeamia/super_closure",
            "keywords": [
                "closure",
                "function",
                "lambda",
                "parser",
                "serializable",
                "serialize",
                "tokenizer"
            ],
            "time": "2018-03-21T22:21:57+00:00"
        },
        {
            "name": "nikic/fast-route",
            "version": "v1.3.0",
            "source": {
                "type": "git",
                "url": "https://github.com/nikic/FastRoute.git",
                "reference": "181d480e08d9476e61381e04a71b34dc0432e812"
            },
            "dist": {
                "type": "zip",
                "url": "https://api.github.com/repos/nikic/FastRoute/zipball/181d480e08d9476e61381e04a71b34dc0432e812",
                "reference": "181d480e08d9476e61381e04a71b34dc0432e812",
                "shasum": ""
            },
            "require": {
                "php": ">=5.4.0"
            },
            "require-dev": {
                "phpunit/phpunit": "^4.8.35|~5.7"
            },
            "type": "library",
            "autoload": {
                "psr-4": {
                    "FastRoute\\": "src/"
                },
                "files": [
                    "src/functions.php"
                ]
            },
            "notification-url": "https://packagist.org/downloads/",
            "license": [
                "BSD-3-Clause"
            ],
            "authors": [
                {
                    "name": "Nikita Popov",
                    "email": "nikic@php.net"
                }
            ],
            "description": "Fast request router for PHP",
            "keywords": [
                "router",
                "routing"
            ],
            "time": "2018-02-13T20:26:39+00:00"
        },
        {
            "name": "nikic/php-parser",
            "version": "v4.2.1",
            "source": {
                "type": "git",
                "url": "https://github.com/nikic/PHP-Parser.git",
                "reference": "5221f49a608808c1e4d436df32884cbc1b821ac0"
            },
            "dist": {
                "type": "zip",
                "url": "https://api.github.com/repos/nikic/PHP-Parser/zipball/5221f49a608808c1e4d436df32884cbc1b821ac0",
                "reference": "5221f49a608808c1e4d436df32884cbc1b821ac0",
                "shasum": ""
            },
            "require": {
                "ext-tokenizer": "*",
                "php": ">=7.0"
            },
            "require-dev": {
                "phpunit/phpunit": "^6.5 || ^7.0"
            },
            "bin": [
                "bin/php-parse"
            ],
            "type": "library",
            "extra": {
                "branch-alias": {
                    "dev-master": "4.2-dev"
                }
            },
            "autoload": {
                "psr-4": {
                    "PhpParser\\": "lib/PhpParser"
                }
            },
            "notification-url": "https://packagist.org/downloads/",
            "license": [
                "BSD-3-Clause"
            ],
            "authors": [
                {
                    "name": "Nikita Popov"
                }
            ],
            "description": "A PHP parser written in PHP",
            "keywords": [
                "parser",
                "php"
            ],
            "time": "2019-02-16T20:54:15+00:00"
        },
        {
            "name": "symfony/polyfill-php56",
            "version": "v1.10.0",
            "source": {
                "type": "git",
                "url": "https://github.com/symfony/polyfill-php56.git",
                "reference": "ff208829fe1aa48ab9af356992bb7199fed551af"
            },
            "dist": {
                "type": "zip",
                "url": "https://api.github.com/repos/symfony/polyfill-php56/zipball/ff208829fe1aa48ab9af356992bb7199fed551af",
                "reference": "ff208829fe1aa48ab9af356992bb7199fed551af",
                "shasum": ""
            },
            "require": {
                "php": ">=5.3.3",
                "symfony/polyfill-util": "~1.0"
            },
            "type": "library",
            "extra": {
                "branch-alias": {
                    "dev-master": "1.9-dev"
                }
            },
            "autoload": {
                "psr-4": {
                    "Symfony\\Polyfill\\Php56\\": ""
                },
                "files": [
                    "bootstrap.php"
                ]
            },
            "notification-url": "https://packagist.org/downloads/",
            "license": [
                "MIT"
            ],
            "authors": [
                {
                    "name": "Nicolas Grekas",
                    "email": "p@tchwork.com"
                },
                {
                    "name": "Symfony Community",
                    "homepage": "https://symfony.com/contributors"
                }
            ],
            "description": "Symfony polyfill backporting some PHP 5.6+ features to lower PHP versions",
            "homepage": "https://symfony.com",
            "keywords": [
                "compatibility",
                "polyfill",
                "portable",
                "shim"
            ],
            "time": "2018-09-21T06:26:08+00:00"
        },
        {
            "name": "symfony/polyfill-util",
            "version": "v1.10.0",
            "source": {
                "type": "git",
                "url": "https://github.com/symfony/polyfill-util.git",
                "reference": "3b58903eae668d348a7126f999b0da0f2f93611c"
            },
            "dist": {
                "type": "zip",
                "url": "https://api.github.com/repos/symfony/polyfill-util/zipball/3b58903eae668d348a7126f999b0da0f2f93611c",
                "reference": "3b58903eae668d348a7126f999b0da0f2f93611c",
                "shasum": ""
            },
            "require": {
                "php": ">=5.3.3"
            },
            "type": "library",
            "extra": {
                "branch-alias": {
                    "dev-master": "1.9-dev"
                }
            },
            "autoload": {
                "psr-4": {
                    "Symfony\\Polyfill\\Util\\": ""
                }
            },
            "notification-url": "https://packagist.org/downloads/",
            "license": [
                "MIT"
            ],
            "authors": [
                {
                    "name": "Nicolas Grekas",
                    "email": "p@tchwork.com"
                },
                {
                    "name": "Symfony Community",
                    "homepage": "https://symfony.com/contributors"
                }
            ],
            "description": "Symfony utilities for portability of PHP codes",
            "homepage": "https://symfony.com",
            "keywords": [
                "compat",
                "compatibility",
                "polyfill",
                "shim"
            ],
            "time": "2018-09-30T16:36:12+00:00"
        }
    ],
    "packages-dev": [],
    "aliases": [],
    "minimum-stability": "stable",
    "stability-flags": [],
    "prefer-stable": false,
    "prefer-lowest": false,
    "platform": [],
    "platform-dev": []
}
